// !$*UTF8*$!
{
	archiveVersion = 1;
	classes = {
	};
	objectVersion = 50;
	objects = {

/* Begin PBXBuildFile section */
		06F766FB15050DB35888D839 /* Pods_AddcnBadminton.framework in Frameworks */ = {isa = PBXBuildFile; fileRef = 08D10D6407A32720433AD756 /* Pods_AddcnBadminton.framework */; };
		2651E60F210D8A87006516F7 /* MemberListViewController.swift in Sources */ = {isa = PBXBuildFile; fileRef = 2651E60E210D8A87006516F7 /* MemberListViewController.swift */; };
		2651E612210D8B8A006516F7 /* MemberListTableViewCell.swift in Sources */ = {isa = PBXBuildFile; fileRef = 2651E610210D8B89006516F7 /* MemberListTableViewCell.swift */; };
		2651E613210D8B8A006516F7 /* MemberListTableViewCell.xib in Resources */ = {isa = PBXBuildFile; fileRef = 2651E611210D8B8A006516F7 /* MemberListTableViewCell.xib */; };
		2651E616210D99E5006516F7 /* FightViewController.swift in Sources */ = {isa = PBXBuildFile; fileRef = 2651E615210D99E5006516F7 /* FightViewController.swift */; };
		2651E619210D9D4B006516F7 /* FightTableViewCell.swift in Sources */ = {isa = PBXBuildFile; fileRef = 2651E617210D9D4B006516F7 /* FightTableViewCell.swift */; };
		2651E61A210D9D4B006516F7 /* FightTableViewCell.xib in Resources */ = {isa = PBXBuildFile; fileRef = 2651E618210D9D4B006516F7 /* FightTableViewCell.xib */; };
		2693817F2101F3BF0074C700 /* AppDelegate.swift in Sources */ = {isa = PBXBuildFile; fileRef = 2693817E2101F3BF0074C700 /* AppDelegate.swift */; };
		269381812101F3BF0074C700 /* ViewController.swift in Sources */ = {isa = PBXBuildFile; fileRef = 269381802101F3BF0074C700 /* ViewController.swift */; };
		269381842101F3BF0074C700 /* Main.storyboard in Resources */ = {isa = PBXBuildFile; fileRef = 269381822101F3BF0074C700 /* Main.storyboard */; };
		269381862101F3C00074C700 /* Assets.xcassets in Resources */ = {isa = PBXBuildFile; fileRef = 269381852101F3C00074C700 /* Assets.xcassets */; };
		269381892101F3C00074C700 /* LaunchScreen.storyboard in Resources */ = {isa = PBXBuildFile; fileRef = 269381872101F3C00074C700 /* LaunchScreen.storyboard */; };
/* End PBXBuildFile section */

/* Begin PBXFileReference section */
		08D10D6407A32720433AD756 /* Pods_AddcnBadminton.framework */ = {isa = PBXFileReference; explicitFileType = wrapper.framework; includeInIndex = 0; path = Pods_AddcnBadminton.framework; sourceTree = BUILT_PRODUCTS_DIR; };
		20042B25877E136956A845ED /* Pods-AddcnBadminton.release.xcconfig */ = {isa = PBXFileReference; includeInIndex = 1; lastKnownFileType = text.xcconfig; name = "Pods-AddcnBadminton.release.xcconfig"; path = "Pods/Target Support Files/Pods-AddcnBadminton/Pods-AddcnBadminton.release.xcconfig"; sourceTree = "<group>"; };
		2651E60E210D8A87006516F7 /* MemberListViewController.swift */ = {isa = PBXFileReference; lastKnownFileType = sourcecode.swift; path = MemberListViewController.swift; sourceTree = "<group>"; };
		2651E610210D8B89006516F7 /* MemberListTableViewCell.swift */ = {isa = PBXFileReference; lastKnownFileType = sourcecode.swift; path = MemberListTableViewCell.swift; sourceTree = "<group>"; };
		2651E611210D8B8A006516F7 /* MemberListTableViewCell.xib */ = {isa = PBXFileReference; lastKnownFileType = file.xib; path = MemberListTableViewCell.xib; sourceTree = "<group>"; };
		2651E615210D99E5006516F7 /* FightViewController.swift */ = {isa = PBXFileReference; lastKnownFileType = sourcecode.swift; path = FightViewController.swift; sourceTree = "<group>"; };
		2651E617210D9D4B006516F7 /* FightTableViewCell.swift */ = {isa = PBXFileReference; lastKnownFileType = sourcecode.swift; path = FightTableViewCell.swift; sourceTree = "<group>"; };
		2651E618210D9D4B006516F7 /* FightTableViewCell.xib */ = {isa = PBXFileReference; lastKnownFileType = file.xib; path = FightTableViewCell.xib; sourceTree = "<group>"; };
		2693817B2101F3BF0074C700 /* AddcnBadminton.app */ = {isa = PBXFileReference; explicitFileType = wrapper.application; includeInIndex = 0; path = AddcnBadminton.app; sourceTree = BUILT_PRODUCTS_DIR; };
		2693817E2101F3BF0074C700 /* AppDelegate.swift */ = {isa = PBXFileReference; lastKnownFileType = sourcecode.swift; path = AppDelegate.swift; sourceTree = "<group>"; };
		269381802101F3BF0074C700 /* ViewController.swift */ = {isa = PBXFileReference; lastKnownFileType = sourcecode.swift; path = ViewController.swift; sourceTree = "<group>"; };
		269381832101F3BF0074C700 /* Base */ = {isa = PBXFileReference; lastKnownFileType = file.storyboard; name = Base; path = Base.lproj/Main.storyboard; sourceTree = "<group>"; };
		269381852101F3C00074C700 /* Assets.xcassets */ = {isa = PBXFileReference; lastKnownFileType = folder.assetcatalog; path = Assets.xcassets; sourceTree = "<group>"; };
		269381882101F3C00074C700 /* Base */ = {isa = PBXFileReference; lastKnownFileType = file.storyboard; name = Base; path = Base.lproj/LaunchScreen.storyboard; sourceTree = "<group>"; };
		2693818A2101F3C00074C700 /* Info.plist */ = {isa = PBXFileReference; lastKnownFileType = text.plist.xml; path = Info.plist; sourceTree = "<group>"; };
		FF663536DF52334AAB5F3147 /* Pods-AddcnBadminton.debug.xcconfig */ = {isa = PBXFileReference; includeInIndex = 1; lastKnownFileType = text.xcconfig; name = "Pods-AddcnBadminton.debug.xcconfig"; path = "Pods/Target Support Files/Pods-AddcnBadminton/Pods-AddcnBadminton.debug.xcconfig"; sourceTree = "<group>"; };
/* End PBXFileReference section */

/* Begin PBXFrameworksBuildPhase section */
		269381782101F3BE0074C700 /* Frameworks */ = {
			isa = PBXFrameworksBuildPhase;
			buildActionMask = 2147483647;
			files = (
				06F766FB15050DB35888D839 /* Pods_AddcnBadminton.framework in Frameworks */,
			);
			runOnlyForDeploymentPostprocessing = 0;
		};
/* End PBXFrameworksBuildPhase section */

/* Begin PBXGroup section */
		2651E60D210D8A5B006516F7 /* MemberList */ = {
			isa = PBXGroup;
			children = (
				2651E60E210D8A87006516F7 /* MemberListViewController.swift */,
				2651E610210D8B89006516F7 /* MemberListTableViewCell.swift */,
				2651E611210D8B8A006516F7 /* MemberListTableViewCell.xib */,
			);
			path = MemberList;
			sourceTree = "<group>";
		};
		2651E614210D99A0006516F7 /* Fight */ = {
			isa = PBXGroup;
			children = (
				2651E615210D99E5006516F7 /* FightViewController.swift */,
				2651E617210D9D4B006516F7 /* FightTableViewCell.swift */,
				2651E618210D9D4B006516F7 /* FightTableViewCell.xib */,
			);
			path = Fight;
			sourceTree = "<group>";
		};
		269381722101F3BE0074C700 = {
			isa = PBXGroup;
			children = (
				2693817D2101F3BF0074C700 /* AddcnBadminton */,
				2693817C2101F3BF0074C700 /* Products */,
				72A197CF1C29C5A9ED979FAD /* Pods */,
				3DED3DF8431A6E4193BD88E8 /* Frameworks */,
			);
			sourceTree = "<group>";
		};
		2693817C2101F3BF0074C700 /* Products */ = {
			isa = PBXGroup;
			children = (
				2693817B2101F3BF0074C700 /* AddcnBadminton.app */,
			);
			name = Products;
			sourceTree = "<group>";
		};
		2693817D2101F3BF0074C700 /* AddcnBadminton */ = {
			isa = PBXGroup;
			children = (
				2651E614210D99A0006516F7 /* Fight */,
				2651E60D210D8A5B006516F7 /* MemberList */,
				2693817E2101F3BF0074C700 /* AppDelegate.swift */,
				269381802101F3BF0074C700 /* ViewController.swift */,
				269381822101F3BF0074C700 /* Main.storyboard */,
				269381852101F3C00074C700 /* Assets.xcassets */,
				269381872101F3C00074C700 /* LaunchScreen.storyboard */,
				2693818A2101F3C00074C700 /* Info.plist */,
			);
			path = AddcnBadminton;
			sourceTree = "<group>";
		};
		3DED3DF8431A6E4193BD88E8 /* Frameworks */ = {
			isa = PBXGroup;
			children = (
				08D10D6407A32720433AD756 /* Pods_AddcnBadminton.framework */,
			);
			name = Frameworks;
			sourceTree = "<group>";
		};
		72A197CF1C29C5A9ED979FAD /* Pods */ = {
			isa = PBXGroup;
			children = (
				FF663536DF52334AAB5F3147 /* Pods-AddcnBadminton.debug.xcconfig */,
				20042B25877E136956A845ED /* Pods-AddcnBadminton.release.xcconfig */,
			);
			name = Pods;
			sourceTree = "<group>";
		};
/* End PBXGroup section */

/* Begin PBXNativeTarget section */
		2693817A2101F3BE0074C700 /* AddcnBadminton */ = {
			isa = PBXNativeTarget;
			buildConfigurationList = 2693818D2101F3C00074C700 /* Build configuration list for PBXNativeTarget "AddcnBadminton" */;
			buildPhases = (
				56FBDE918BFA9049B01BC840 /* [CP] Check Pods Manifest.lock */,
				269381772101F3BE0074C700 /* Sources */,
				269381782101F3BE0074C700 /* Frameworks */,
				269381792101F3BE0074C700 /* Resources */,
				0DA77B0E50F122B096CEA2AF /* [CP] Embed Pods Frameworks */,
			);
			buildRules = (
			);
			dependencies = (
			);
			name = AddcnBadminton;
			productName = AddcnBadminton;
			productReference = 2693817B2101F3BF0074C700 /* AddcnBadminton.app */;
			productType = "com.apple.product-type.application";
		};
/* End PBXNativeTarget section */

/* Begin PBXProject section */
		269381732101F3BE0074C700 /* Project object */ = {
			isa = PBXProject;
			attributes = {
				LastSwiftUpdateCheck = 0940;
				LastUpgradeCheck = 0940;
				ORGANIZATIONNAME = darklit;
				TargetAttributes = {
					2693817A2101F3BE0074C700 = {
						CreatedOnToolsVersion = 9.4.1;
					};
				};
			};
			buildConfigurationList = 269381762101F3BE0074C700 /* Build configuration list for PBXProject "AddcnBadminton" */;
			compatibilityVersion = "Xcode 9.3";
			developmentRegion = en;
			hasScannedForEncodings = 0;
			knownRegions = (
				en,
				Base,
			);
			mainGroup = 269381722101F3BE0074C700;
			productRefGroup = 2693817C2101F3BF0074C700 /* Products */;
			projectDirPath = "";
			projectRoot = "";
			targets = (
				2693817A2101F3BE0074C700 /* AddcnBadminton */,
			);
		};
/* End PBXProject section */

/* Begin PBXResourcesBuildPhase section */
		269381792101F3BE0074C700 /* Resources */ = {
			isa = PBXResourcesBuildPhase;
			buildActionMask = 2147483647;
			files = (
				269381892101F3C00074C700 /* LaunchScreen.storyboard in Resources */,
				2651E61A210D9D4B006516F7 /* FightTableViewCell.xib in Resources */,
				269381862101F3C00074C700 /* Assets.xcassets in Resources */,
				269381842101F3BF0074C700 /* Main.storyboard in Resources */,
				2651E613210D8B8A006516F7 /* MemberListTableViewCell.xib in Resources */,
			);
			runOnlyForDeploymentPostprocessing = 0;
		};
/* End PBXResourcesBuildPhase section */

/* Begin PBXShellScriptBuildPhase section */
		0DA77B0E50F122B096CEA2AF /* [CP] Embed Pods Frameworks */ = {
			isa = PBXShellScriptBuildPhase;
			buildActionMask = 2147483647;
			files = (
			);
			inputFileListPaths = (
			);
			inputPaths = (
				"${SRCROOT}/Pods/Target Support Files/Pods-AddcnBadminton/Pods-AddcnBadminton-frameworks.sh",
				"${BUILT_PRODUCTS_DIR}/Realm/Realm.framework",
				"${BUILT_PRODUCTS_DIR}/RealmSwift/RealmSwift.framework",
			);
			name = "[CP] Embed Pods Frameworks";
			outputFileListPaths = (
			);
			outputPaths = (
				"${TARGET_BUILD_DIR}/${FRAMEWORKS_FOLDER_PATH}/Realm.framework",
				"${TARGET_BUILD_DIR}/${FRAMEWORKS_FOLDER_PATH}/RealmSwift.framework",
			);
			runOnlyForDeploymentPostprocessing = 0;
			shellPath = /bin/sh;
			shellScript = "\"${SRCROOT}/Pods/Target Support Files/Pods-AddcnBadminton/Pods-AddcnBadminton-frameworks.sh\"\n";
			showEnvVarsInLog = 0;
		};
		56FBDE918BFA9049B01BC840 /* [CP] Check Pods Manifest.lock */ = {
			isa = PBXShellScriptBuildPhase;
			buildActionMask = 2147483647;
			files = (
			);
			inputFileListPaths = (
			);
			inputPaths = (
				"${PODS_PODFILE_DIR_PATH}/Podfile.lock",
				"${PODS_ROOT}/Manifest.lock",
			);
			name = "[CP] Check Pods Manifest.lock";
			outputFileListPaths = (
			);
			outputPaths = (
				"$(DERIVED_FILE_DIR)/Pods-AddcnBadminton-checkManifestLockResult.txt",
			);
			runOnlyForDeploymentPostprocessing = 0;
			shellPath = /bin/sh;
			shellScript = "diff \"${PODS_PODFILE_DIR_PATH}/Podfile.lock\" \"${PODS_ROOT}/Manifest.lock\" > /dev/null\nif [ $? != 0 ] ; then\n    # print error to STDERR\n    echo \"error: The sandbox is not in sync with the Podfile.lock. Run 'pod install' or update your CocoaPods installation.\" >&2\n    exit 1\nfi\n# This output is used by Xcode 'outputs' to avoid re-running this script phase.\necho \"SUCCESS\" > \"${SCRIPT_OUTPUT_FILE_0}\"\n";
			showEnvVarsInLog = 0;
		};
/* End PBXShellScriptBuildPhase section */

/* Begin PBXSourcesBuildPhase section */
		269381772101F3BE0074C700 /* Sources */ = {
			isa = PBXSourcesBuildPhase;
			buildActionMask = 2147483647;
			files = (
				2651E619210D9D4B006516F7 /* FightTableViewCell.swift in Sources */,
				2651E616210D99E5006516F7 /* FightViewController.swift in Sources */,
				269381812101F3BF0074C700 /* ViewController.swift in Sources */,
				2693817F2101F3BF0074C700 /* AppDelegate.swift in Sources */,
				2651E60F210D8A87006516F7 /* MemberListViewController.swift in Sources */,
				2651E612210D8B8A006516F7 /* MemberListTableViewCell.swift in Sources */,
			);
			runOnlyForDeploymentPostprocessing = 0;
		};
/* End PBXSourcesBuildPhase section */

/* Begin PBXVariantGroup section */
		269381822101F3BF0074C700 /* Main.storyboard */ = {
			isa = PBXVariantGroup;
			children = (
				269381832101F3BF0074C700 /* Base */,
			);
			name = Main.storyboard;
			sourceTree = "<group>";
		};
		269381872101F3C00074C700 /* LaunchScreen.storyboard */ = {
			isa = PBXVariantGroup;
			children = (
				269381882101F3C00074C700 /* Base */,
			);
			name = LaunchScreen.storyboard;
			sourceTree = "<group>";
		};
/* End PBXVariantGroup section */

/* Begin XCBuildConfiguration section */
		2693818B2101F3C00074C700 /* Debug */ = {
			isa = XCBuildConfiguration;
			buildSettings = {
				ALWAYS_SEARCH_USER_PATHS = NO;
				CLANG_ANALYZER_NONNULL = YES;
				CLANG_ANALYZER_NUMBER_OBJECT_CONVERSION = YES_AGGRESSIVE;
				CLANG_CXX_LANGUAGE_STANDARD = "gnu++14";
				CLANG_CXX_LIBRARY = "libc++";
				CLANG_ENABLE_MODULES = YES;
				CLANG_ENABLE_OBJC_ARC = YES;
				CLANG_ENABLE_OBJC_WEAK = YES;
				CLANG_WARN_BLOCK_CAPTURE_AUTORELEASING = YES;
				CLANG_WARN_BOOL_CONVERSION = YES;
				CLANG_WARN_COMMA = YES;
				CLANG_WARN_CONSTANT_CONVERSION = YES;
				CLANG_WARN_DEPRECATED_OBJC_IMPLEMENTATIONS = YES;
				CLANG_WARN_DIRECT_OBJC_ISA_USAGE = YES_ERROR;
				CLANG_WARN_DOCUMENTATION_COMMENTS = YES;
				CLANG_WARN_EMPTY_BODY = YES;
				CLANG_WARN_ENUM_CONVERSION = YES;
				CLANG_WARN_INFINITE_RECURSION = YES;
				CLANG_WARN_INT_CONVERSION = YES;
				CLANG_WARN_NON_LITERAL_NULL_CONVERSION = YES;
				CLANG_WARN_OBJC_IMPLICIT_RETAIN_SELF = YES;
				CLANG_WARN_OBJC_LITERAL_CONVERSION = YES;
				CLANG_WARN_OBJC_ROOT_CLASS = YES_ERROR;
				CLANG_WARN_RANGE_LOOP_ANALYSIS = YES;
				CLANG_WARN_STRICT_PROTOTYPES = YES;
				CLANG_WARN_SUSPICIOUS_MOVE = YES;
				CLANG_WARN_UNGUARDED_AVAILABILITY = YES_AGGRESSIVE;
				CLANG_WARN_UNREACHABLE_CODE = YES;
				CLANG_WARN__DUPLICATE_METHOD_MATCH = YES;
				CODE_SIGN_IDENTITY = "iPhone Developer";
				COPY_PHASE_STRIP = NO;
				DEBUG_INFORMATION_FORMAT = dwarf;
				ENABLE_STRICT_OBJC_MSGSEND = YES;
				ENABLE_TESTABILITY = YES;
				GCC_C_LANGUAGE_STANDARD = gnu11;
				GCC_DYNAMIC_NO_PIC = NO;
				GCC_NO_COMMON_BLOCKS = YES;
				GCC_OPTIMIZATION_LEVEL = 0;
				GCC_PREPROCESSOR_DEFINITIONS = (
					"DEBUG=1",
					"$(inherited)",
				);
				GCC_WARN_64_TO_32_BIT_CONVERSION = YES;
				GCC_WARN_ABOUT_RETURN_TYPE = YES_ERROR;
				GCC_WARN_UNDECLARED_SELECTOR = YES;
				GCC_WARN_UNINITIALIZED_AUTOS = YES_AGGRESSIVE;
				GCC_WARN_UNUSED_FUNCTION = YES;
				GCC_WARN_UNUSED_VARIABLE = YES;
				IPHONEOS_DEPLOYMENT_TARGET = 11.4;
				MTL_ENABLE_DEBUG_INFO = YES;
				ONLY_ACTIVE_ARCH = YES;
				SDKROOT = iphoneos;
				SWIFT_ACTIVE_COMPILATION_CONDITIONS = DEBUG;
				SWIFT_OPTIMIZATION_LEVEL = "-Onone";
			};
			name = Debug;
		};
		2693818C2101F3C00074C700 /* Release */ = {
			isa = XCBuildConfiguration;
			buildSettings = {
				ALWAYS_SEARCH_USER_PATHS = NO;
				CLANG_ANALYZER_NONNULL = YES;
				CLANG_ANALYZER_NUMBER_OBJECT_CONVERSION = YES_AGGRESSIVE;
				CLANG_CXX_LANGUAGE_STANDARD = "gnu++14";
				CLANG_CXX_LIBRARY = "libc++";
				CLANG_ENABLE_MODULES = YES;
				CLANG_ENABLE_OBJC_ARC = YES;
				CLANG_ENABLE_OBJC_WEAK = YES;
				CLANG_WARN_BLOCK_CAPTURE_AUTORELEASING = YES;
				CLANG_WARN_BOOL_CONVERSION = YES;
				CLANG_WARN_COMMA = YES;
				CLANG_WARN_CONSTANT_CONVERSION = YES;
				CLANG_WARN_DEPRECATED_OBJC_IMPLEMENTATIONS = YES;
				CLANG_WARN_DIRECT_OBJC_ISA_USAGE = YES_ERROR;
				CLANG_WARN_DOCUMENTATION_COMMENTS = YES;
				CLANG_WARN_EMPTY_BODY = YES;
				CLANG_WARN_ENUM_CONVERSION = YES;
				CLANG_WARN_INFINITE_RECURSION = YES;
				CLANG_WARN_INT_CONVERSION = YES;
				CLANG_WARN_NON_LITERAL_NULL_CONVERSION = YES;
				CLANG_WARN_OBJC_IMPLICIT_RETAIN_SELF = YES;
				CLANG_WARN_OBJC_LITERAL_CONVERSION = YES;
				CLANG_WARN_OBJC_ROOT_CLASS = YES_ERROR;
				CLANG_WARN_RANGE_LOOP_ANALYSIS = YES;
				CLANG_WARN_STRICT_PROTOTYPES = YES;
				CLANG_WARN_SUSPICIOUS_MOVE = YES;
				CLANG_WARN_UNGUARDED_AVAILABILITY = YES_AGGRESSIVE;
				CLANG_WARN_UNREACHABLE_CODE = YES;
				CLANG_WARN__DUPLICATE_METHOD_MATCH = YES;
				CODE_SIGN_IDENTITY = "iPhone Developer";
				COPY_PHASE_STRIP = NO;
				DEBUG_INFORMATION_FORMAT = "dwarf-with-dsym";
				ENABLE_NS_ASSERTIONS = NO;
				ENABLE_STRICT_OBJC_MSGSEND = YES;
				GCC_C_LANGUAGE_STANDARD = gnu11;
				GCC_NO_COMMON_BLOCKS = YES;
				GCC_WARN_64_TO_32_BIT_CONVERSION = YES;
				GCC_WARN_ABOUT_RETURN_TYPE = YES_ERROR;
				GCC_WARN_UNDECLARED_SELECTOR = YES;
				GCC_WARN_UNINITIALIZED_AUTOS = YES_AGGRESSIVE;
				GCC_WARN_UNUSED_FUNCTION = YES;
				GCC_WARN_UNUSED_VARIABLE = YES;
				IPHONEOS_DEPLOYMENT_TARGET = 11.4;
				MTL_ENABLE_DEBUG_INFO = NO;
				SDKROOT = iphoneos;
				SWIFT_COMPILATION_MODE = wholemodule;
				SWIFT_OPTIMIZATION_LEVEL = "-O";
				VALIDATE_PRODUCT = YES;
			};
			name = Release;
		};
		2693818E2101F3C00074C700 /* Debug */ = {
			isa = XCBuildConfiguration;
			baseConfigurationReference = FF663536DF52334AAB5F3147 /* Pods-AddcnBadminton.debug.xcconfig */;
			buildSettings = {
				ASSETCATALOG_COMPILER_APPICON_NAME = AppIcon;
				CODE_SIGN_STYLE = Automatic;
				DEVELOPMENT_TEAM = HQZ29HHZJK;
				INFOPLIST_FILE = AddcnBadminton/Info.plist;
				LD_RUNPATH_SEARCH_PATHS = (
					"$(inherited)",
					"@executable_path/Frameworks",
				);
				PRODUCT_BUNDLE_IDENTIFIER = darklit.com.AddcnBadminton;
				PRODUCT_NAME = "$(TARGET_NAME)";
				SWIFT_VERSION = 4.0;
				TARGETED_DEVICE_FAMILY = "1,2";
			};
			name = Debug;
		};
		2693818F2101F3C00074C700 /* Release */ = {
			isa = XCBuildConfiguration;
			baseConfigurationReference = 20042B25877E136956A845ED /* Pods-AddcnBadminton.release.xcconfig */;
			buildSettings = {
				ASSETCATALOG_COMPILER_APPICON_NAME = AppIcon;
				CODE_SIGN_STYLE = Automatic;
				DEVELOPMENT_TEAM = HQZ29HHZJK;
				INFOPLIST_FILE = AddcnBadminton/Info.plist;
				LD_RUNPATH_SEARCH_PATHS = (
					"$(inherited)",
					"@executable_path/Frameworks",
				);
				PRODUCT_BUNDLE_IDENTIFIER = darklit.com.AddcnBadminton;
				PRODUCT_NAME = "$(TARGET_NAME)";
				SWIFT_VERSION = 4.0;
				TARGETED_DEVICE_FAMILY = "1,2";
			};
			name = Release;
		};
/* End XCBuildConfiguration section */

/* Begin XCConfigurationList section */
		269381762101F3BE0074C700 /* Build configuration list for PBXProject "AddcnBadminton" */ = {
			isa = XCConfigurationList;
			buildConfigurations = (
				2693818B2101F3C00074C700 /* Debug */,
				2693818C2101F3C00074C700 /* Release */,
			);
			defaultConfigurationIsVisible = 0;
			defaultConfigurationName = Release;
		};
		2693818D2101F3C00074C700 /* Build configuration list for PBXNativeTarget "AddcnBadminton" */ = {
			isa = XCConfigurationList;
			buildConfigurations = (
				2693818E2101F3C00074C700 /* Debug */,
				2693818F2101F3C00074C700 /* Release */,
			);
			defaultConfigurationIsVisible = 0;
			defaultConfigurationName = Release;
		};
/* End XCConfigurationList section */
	};
	rootObject = 269381732101F3BE0074C700 /* Project object */;
}
